
Microsoft Visual Studio Solution File, Format Version 12.00
# Visual Studio 15
VisualStudioVersion = 15.0.28307.902
MinimumVisualStudioVersion = 10.0.40219.1
Project("{FAE04EC0-301F-11D3-BF4B-00C04F79EFBC}") = "Sets and Dictionaries Advanced Exercise", "Sets and Dictionaries Advanced Exercise\Sets and Dictionaries Advanced Exercise.csproj", "{2EE927F6-C48B-4D62-98A5-0218A93FB868}"
EndProject
Project("{FAE04EC0-301F-11D3-BF4B-00C04F79EFBC}") = "Problem 1. Unique Usernames", "Problem 1. Unique Usernames\Problem 1. Unique Usernames.csproj", "{D2815681-500A-432D-AFC8-81DFA5603A18}"
EndProject
Project("{FAE04EC0-301F-11D3-BF4B-00C04F79EFBC}") = "Problem 2. Sets of Elements", "Problem 2. Sets of Elements\Problem 2. Sets of Elements.csproj", "{0745FBF7-C938-4FAC-9128-77416970C7E9}"
EndProject
Project("{FAE04EC0-301F-11D3-BF4B-00C04F79EFBC}") = "Problem 4. Even Times", "Problem 4. Even Times\Problem 4. Even Times.csproj", "{98B255DF-C365-43BA-BD43-1E3E667491F3}"
EndProject
Project("{FAE04EC0-301F-11D3-BF4B-00C04F79EFBC}") = "Problem 5. Count Symbols", "Problem 5. Count Symbols\Problem 5. Count Symbols.csproj", "{C313F709-BBA1-46BE-ABCF-982E26309D2B}"
EndProject
Project("{FAE04EC0-301F-11D3-BF4B-00C04F79EFBC}") = "Problem 6. Wardrobe", "Problem 6. Wardrobe\Problem 6. Wardrobe.csproj", "{2929A571-6DEB-4A49-AB6D-744F8D064C14}"
EndProject
Global
	GlobalSection(SolutionConfigurationPlatforms) = preSolution
		Debug|Any CPU = Debug|Any CPU
		Release|Any CPU = Release|Any CPU
	EndGlobalSection
	GlobalSection(ProjectConfigurationPlatforms) = postSolution
		{2EE927F6-C48B-4D62-98A5-0218A93FB868}.Debug|Any CPU.ActiveCfg = Debug|Any CPU
		{2EE927F6-C48B-4D62-98A5-0218A93FB868}.Debug|Any CPU.Build.0 = Debug|Any CPU
		{2EE927F6-C48B-4D62-98A5-0218A93FB868}.Release|Any CPU.ActiveCfg = Release|Any CPU
		{2EE927F6-C48B-4D62-98A5-0218A93FB868}.Release|Any CPU.Build.0 = Release|Any CPU
		{D2815681-500A-432D-AFC8-81DFA5603A18}.Debug|Any CPU.ActiveCfg = Debug|Any CPU
		{D2815681-500A-432D-AFC8-81DFA5603A18}.Debug|Any CPU.Build.0 = Debug|Any CPU
		{D2815681-500A-432D-AFC8-81DFA5603A18}.Release|Any CPU.ActiveCfg = Release|Any CPU
		{D2815681-500A-432D-AFC8-81DFA5603A18}.Release|Any CPU.Build.0 = Release|Any CPU
		{0745FBF7-C938-4FAC-9128-77416970C7E9}.Debug|Any CPU.ActiveCfg = Debug|Any CPU
		{0745FBF7-C938-4FAC-9128-77416970C7E9}.Debug|Any CPU.Build.0 = Debug|Any CPU
		{0745FBF7-C938-4FAC-9128-77416970C7E9}.Release|Any CPU.ActiveCfg = Release|Any CPU
		{0745FBF7-C938-4FAC-9128-77416970C7E9}.Release|Any CPU.Build.0 = Release|Any CPU
		{98B255DF-C365-43BA-BD43-1E3E667491F3}.Debug|Any CPU.ActiveCfg = Debug|Any CPU
		{98B255DF-C365-43BA-BD43-1E3E667491F3}.Debug|Any CPU.Build.0 = Debug|Any CPU
		{98B255DF-C365-43BA-BD43-1E3E667491F3}.Release|Any CPU.ActiveCfg = Release|Any CPU
		{98B255DF-C365-43BA-BD43-1E3E667491F3}.Release|Any CPU.Build.0 = Release|Any CPU
		{C313F709-BBA1-46BE-ABCF-982E26309D2B}.Debug|Any CPU.ActiveCfg = Debug|Any CPU
		{C313F709-BBA1-46BE-ABCF-982E26309D2B}.Debug|Any CPU.Build.0 = Debug|Any CPU
		{C313F709-BBA1-46BE-ABCF-982E26309D2B}.Release|Any CPU.ActiveCfg = Release|Any CPU
		{C313F709-BBA1-46BE-ABCF-982E26309D2B}.Release|Any CPU.Build.0 = Release|Any CPU
		{2929A571-6DEB-4A49-AB6D-744F8D064C14}.Debug|Any CPU.ActiveCfg = Debug|Any CPU
		{2929A571-6DEB-4A49-AB6D-744F8D064C14}.Debug|Any CPU.Build.0 = Debug|Any CPU
		{2929A571-6DEB-4A49-AB6D-744F8D064C14}.Release|Any CPU.ActiveCfg = Release|Any CPU
		{2929A571-6DEB-4A49-AB6D-744F8D064C14}.Release|Any CPU.Build.0 = Release|Any CPU
	EndGlobalSection
	GlobalSection(SolutionProperties) = preSolution
		HideSolutionNode = FALSE
	EndGlobalSection
	GlobalSection(ExtensibilityGlobals) = postSolution
		SolutionGuid = {2F5DCAC3-C632-4E52-8DAA-71FA2D370B96}
	EndGlobalSection
EndGlobal
