
Microsoft Visual Studio Solution File, Format Version 12.00
# Visual Studio Version 16
VisualStudioVersion = 16.0.29519.181
MinimumVisualStudioVersion = 10.0.40219.1
Project("{9A19103F-16F7-4668-BE54-9A1E7A4F7556}") = "Defining Classes Exercise", "Defining Classes Exercise\Defining Classes Exercise.csproj", "{4E617CE5-E261-439C-B483-E7681E47DA0E}"
EndProject
Project("{9A19103F-16F7-4668-BE54-9A1E7A4F7556}") = "Problem 1. Define a Class Person", "Problem 1. Define a Class Person\Problem 1. Define a Class Person.csproj", "{7917A767-23A5-4A95-AF74-15311BCEE57E}"
EndProject
Project("{9A19103F-16F7-4668-BE54-9A1E7A4F7556}") = "SoftUniParking", "SoftUniParking\SoftUniParking.csproj", "{DDB8E662-333A-4097-B9E0-B1D3E2B52EC4}"
EndProject
Project("{FAE04EC0-301F-11D3-BF4B-00C04F79EFBC}") = "Problem 6. Speed Racing", "Problem 6. Speed Racing\Problem 6. Speed Racing.csproj", "{8037E5EF-E720-41D0-A628-328CEAB30C75}"
EndProject
Global
	GlobalSection(SolutionConfigurationPlatforms) = preSolution
		Debug|Any CPU = Debug|Any CPU
		Release|Any CPU = Release|Any CPU
	EndGlobalSection
	GlobalSection(ProjectConfigurationPlatforms) = postSolution
		{4E617CE5-E261-439C-B483-E7681E47DA0E}.Debug|Any CPU.ActiveCfg = Debug|Any CPU
		{4E617CE5-E261-439C-B483-E7681E47DA0E}.Debug|Any CPU.Build.0 = Debug|Any CPU
		{4E617CE5-E261-439C-B483-E7681E47DA0E}.Release|Any CPU.ActiveCfg = Release|Any CPU
		{4E617CE5-E261-439C-B483-E7681E47DA0E}.Release|Any CPU.Build.0 = Release|Any CPU
		{7917A767-23A5-4A95-AF74-15311BCEE57E}.Debug|Any CPU.ActiveCfg = Debug|Any CPU
		{7917A767-23A5-4A95-AF74-15311BCEE57E}.Debug|Any CPU.Build.0 = Debug|Any CPU
		{7917A767-23A5-4A95-AF74-15311BCEE57E}.Release|Any CPU.ActiveCfg = Release|Any CPU
		{7917A767-23A5-4A95-AF74-15311BCEE57E}.Release|Any CPU.Build.0 = Release|Any CPU
		{DDB8E662-333A-4097-B9E0-B1D3E2B52EC4}.Debug|Any CPU.ActiveCfg = Debug|Any CPU
		{DDB8E662-333A-4097-B9E0-B1D3E2B52EC4}.Debug|Any CPU.Build.0 = Debug|Any CPU
		{DDB8E662-333A-4097-B9E0-B1D3E2B52EC4}.Release|Any CPU.ActiveCfg = Release|Any CPU
		{DDB8E662-333A-4097-B9E0-B1D3E2B52EC4}.Release|Any CPU.Build.0 = Release|Any CPU
		{8037E5EF-E720-41D0-A628-328CEAB30C75}.Debug|Any CPU.ActiveCfg = Debug|Any CPU
		{8037E5EF-E720-41D0-A628-328CEAB30C75}.Debug|Any CPU.Build.0 = Debug|Any CPU
		{8037E5EF-E720-41D0-A628-328CEAB30C75}.Release|Any CPU.ActiveCfg = Release|Any CPU
		{8037E5EF-E720-41D0-A628-328CEAB30C75}.Release|Any CPU.Build.0 = Release|Any CPU
	EndGlobalSection
	GlobalSection(SolutionProperties) = preSolution
		HideSolutionNode = FALSE
	EndGlobalSection
	GlobalSection(ExtensibilityGlobals) = postSolution
		SolutionGuid = {21C5695F-84BC-4A86-8C13-D52CF7786124}
	EndGlobalSection
EndGlobal
