
Microsoft Visual Studio Solution File, Format Version 12.00
# Visual Studio Version 16
VisualStudioVersion = 16.0.29519.181
MinimumVisualStudioVersion = 10.0.40219.1
Project("{9A19103F-16F7-4668-BE54-9A1E7A4F7556}") = "Equality Scale", "Generics\Equality Scale.csproj", "{E6FC6B4F-D074-445E-820C-468C07314D9E}"
EndProject
Project("{9A19103F-16F7-4668-BE54-9A1E7A4F7556}") = "1. Generic Box of String", "1. Generic Box of String\1. Generic Box of String.csproj", "{F1FDFA0B-C7D2-4BF2-950A-18DCC3A0D2FB}"
EndProject
Project("{9A19103F-16F7-4668-BE54-9A1E7A4F7556}") = "3. Generic Swap Method Strings", "Test 3\3. Generic Swap Method Strings.csproj", "{173F18E9-35B5-4132-91C7-F9F348848C7E}"
EndProject
Project("{9A19103F-16F7-4668-BE54-9A1E7A4F7556}") = "5. Generic Count Method Strings", "5. Generic Count Method Strings\5. Generic Count Method Strings.csproj", "{D678CB46-48C1-43A0-BAAD-C8D6D9CE43FD}"
EndProject
Project("{9A19103F-16F7-4668-BE54-9A1E7A4F7556}") = "7. Tuple", "7. Tuple\7. Tuple.csproj", "{9F8B6441-ADA2-4488-9C2D-269854B9596C}"
EndProject
Global
	GlobalSection(SolutionConfigurationPlatforms) = preSolution
		Debug|Any CPU = Debug|Any CPU
		Release|Any CPU = Release|Any CPU
	EndGlobalSection
	GlobalSection(ProjectConfigurationPlatforms) = postSolution
		{E6FC6B4F-D074-445E-820C-468C07314D9E}.Debug|Any CPU.ActiveCfg = Debug|Any CPU
		{E6FC6B4F-D074-445E-820C-468C07314D9E}.Debug|Any CPU.Build.0 = Debug|Any CPU
		{E6FC6B4F-D074-445E-820C-468C07314D9E}.Release|Any CPU.ActiveCfg = Release|Any CPU
		{E6FC6B4F-D074-445E-820C-468C07314D9E}.Release|Any CPU.Build.0 = Release|Any CPU
		{F1FDFA0B-C7D2-4BF2-950A-18DCC3A0D2FB}.Debug|Any CPU.ActiveCfg = Debug|Any CPU
		{F1FDFA0B-C7D2-4BF2-950A-18DCC3A0D2FB}.Debug|Any CPU.Build.0 = Debug|Any CPU
		{F1FDFA0B-C7D2-4BF2-950A-18DCC3A0D2FB}.Release|Any CPU.ActiveCfg = Release|Any CPU
		{F1FDFA0B-C7D2-4BF2-950A-18DCC3A0D2FB}.Release|Any CPU.Build.0 = Release|Any CPU
		{173F18E9-35B5-4132-91C7-F9F348848C7E}.Debug|Any CPU.ActiveCfg = Debug|Any CPU
		{173F18E9-35B5-4132-91C7-F9F348848C7E}.Debug|Any CPU.Build.0 = Debug|Any CPU
		{173F18E9-35B5-4132-91C7-F9F348848C7E}.Release|Any CPU.ActiveCfg = Release|Any CPU
		{173F18E9-35B5-4132-91C7-F9F348848C7E}.Release|Any CPU.Build.0 = Release|Any CPU
		{D678CB46-48C1-43A0-BAAD-C8D6D9CE43FD}.Debug|Any CPU.ActiveCfg = Debug|Any CPU
		{D678CB46-48C1-43A0-BAAD-C8D6D9CE43FD}.Debug|Any CPU.Build.0 = Debug|Any CPU
		{D678CB46-48C1-43A0-BAAD-C8D6D9CE43FD}.Release|Any CPU.ActiveCfg = Release|Any CPU
		{D678CB46-48C1-43A0-BAAD-C8D6D9CE43FD}.Release|Any CPU.Build.0 = Release|Any CPU
		{9F8B6441-ADA2-4488-9C2D-269854B9596C}.Debug|Any CPU.ActiveCfg = Debug|Any CPU
		{9F8B6441-ADA2-4488-9C2D-269854B9596C}.Debug|Any CPU.Build.0 = Debug|Any CPU
		{9F8B6441-ADA2-4488-9C2D-269854B9596C}.Release|Any CPU.ActiveCfg = Release|Any CPU
		{9F8B6441-ADA2-4488-9C2D-269854B9596C}.Release|Any CPU.Build.0 = Release|Any CPU
	EndGlobalSection
	GlobalSection(SolutionProperties) = preSolution
		HideSolutionNode = FALSE
	EndGlobalSection
	GlobalSection(ExtensibilityGlobals) = postSolution
		SolutionGuid = {5D8F764D-EE73-433A-B6B0-2A89CE4DB956}
	EndGlobalSection
EndGlobal
